# THIS IS AN AUTOGENERATED FILE. DO NOT EDIT THIS FILE DIRECTLY.
# yarn lockfile v1


"@playwright/test@^1.43.1":
  "integrity" "sha512-HgtQzFgNEEo4TE22K/X7sYTYNqEMMTZmFS8kTq6m8hXj+m1D8TgwgIbumHddJa9h4yl4GkKb8/bgAl2+g7eDgA=="
  "resolved" "https://registry.npmmirror.com/@playwright/test/-/test-1.43.1.tgz"
  "version" "1.43.1"
  dependencies:
    "playwright" "1.43.1"

"@types/node@^20.12.8":
  "integrity" "sha512-NU0rJLJnshZWdE/097cdCBbyW1h4hEg0xpovcoAQYHl8dnEyp/NAOiE45pvc+Bd1Dt+2r94v2eGFpQJ4R7g+2w=="
  "resolved" "https://registry.npmmirror.com/@types/node/-/node-20.12.8.tgz"
  "version" "20.12.8"
  dependencies:
    "undici-types" "~5.26.4"

"playwright-core@1.43.1":
  "integrity" "sha512-EI36Mto2Vrx6VF7rm708qSnesVQKbxEWvPrfA1IPY6HgczBplDx7ENtx+K2n4kJ41sLLkuGfmb0ZLSSXlDhqPg=="
  "resolved" "https://registry.npmmirror.com/playwright-core/-/playwright-core-1.43.1.tgz"
  "version" "1.43.1"

"playwright@1.43.1":
  "integrity" "sha512-V7SoH0ai2kNt1Md9E3Gwas5B9m8KR2GVvwZnAI6Pg0m3sh7UvgiYhRrhsziCmqMJNouPckiOhk8T+9bSAK0VIA=="
  "resolved" "https://registry.npmmirror.com/playwright/-/playwright-1.43.1.tgz"
  "version" "1.43.1"
  dependencies:
    "playwright-core" "1.43.1"
  optionalDependencies:
    "fsevents" "2.3.2"

"undici-types@~5.26.4":
  "integrity" "sha512-JlCMO+ehdEIKqlFxk6IfVoAUVmgz7cU7zD/h9XZ0qzeosSHmUJVOzSQvvYSYWXkFXC+IfLKSIffhv0sVZup6pA=="
  "resolved" "https://registry.npmmirror.com/undici-types/-/undici-types-5.26.5.tgz"
  "version" "5.26.5"
